
Microsoft Visual Studio Solution File, Format Version 12.00
# Visual Studio Version 16
VisualStudioVersion = 16.0.30330.147
MinimumVisualStudioVersion = 10.0.40219.1
Project("{FAE04EC0-301F-11D3-BF4B-00C04F79EFBC}") = "SPZLab1Var1", "SPZLab1Var1.csproj", "{CEEF90F3-9B8D-4F97-AA77-308FBEE3CA5B}"
EndProject
Global
	GlobalSection(SolutionConfigurationPlatforms) = preSolution
		Debug|Any CPU = Debug|Any CPU
		Release|Any CPU = Release|Any CPU
	EndGlobalSection
	GlobalSection(ProjectConfigurationPlatforms) = postSolution
		{CEEF90F3-9B8D-4F97-AA77-308FBEE3CA5B}.Debug|Any CPU.ActiveCfg = Debug|Any CPU
		{CEEF90F3-9B8D-4F97-AA77-308FBEE3CA5B}.Debug|Any CPU.Build.0 = Debug|Any CPU
		{CEEF90F3-9B8D-4F97-AA77-308FBEE3CA5B}.Release|Any CPU.ActiveCfg = Release|Any CPU
		{CEEF90F3-9B8D-4F97-AA77-308FBEE3CA5B}.Release|Any CPU.Build.0 = Release|Any CPU
	EndGlobalSection
	GlobalSection(SolutionProperties) = preSolution
		HideSolutionNode = FALSE
	EndGlobalSection
	GlobalSection(ExtensibilityGlobals) = postSolution
		SolutionGuid = {9514E885-9273-4925-A14F-A49E7D37B826}
	EndGlobalSection
EndGlobal
